// !$*UTF8*$!
{
	archiveVersion = 1;
	classes = {
	};
	objectVersion = 46;
	objects = {

/* Begin PBXBuildFile section */
		553BD7B0169B0FE900543738 /* UIKit.framework in Frameworks */ = {isa = PBXBuildFile; fileRef = 553BD7AF169B0FE900543738 /* UIKit.framework */; };
		553BD7B2169B0FE900543738 /* Foundation.framework in Frameworks */ = {isa = PBXBuildFile; fileRef = 553BD7B1169B0FE900543738 /* Foundation.framework */; };
		553BD7B4169B0FE900543738 /* CoreGraphics.framework in Frameworks */ = {isa = PBXBuildFile; fileRef = 553BD7B3169B0FE900543738 /* CoreGraphics.framework */; };
		553BD7BA169B0FE900543738 /* InfoPlist.strings in Resources */ = {isa = PBXBuildFile; fileRef = 553BD7B8169B0FE900543738 /* InfoPlist.strings */; };
		553BD7BC169B0FE900543738 /* main.m in Sources */ = {isa = PBXBuildFile; fileRef = 553BD7BB169B0FE900543738 /* main.m */; };
		553BD7C0169B0FE900543738 /* AppDelegate.m in Sources */ = {isa = PBXBuildFile; fileRef = 553BD7BF169B0FE900543738 /* AppDelegate.m */; };
		553BD7C2169B0FE900543738 /* Default.png in Resources */ = {isa = PBXBuildFile; fileRef = 553BD7C1169B0FE900543738 /* Default.png */; };
		553BD7C4169B0FE900543738 /* Default@2x.png in Resources */ = {isa = PBXBuildFile; fileRef = 553BD7C3169B0FE900543738 /* Default@2x.png */; };
		553BD7C6169B0FE900543738 /* Default-568h@2x.png in Resources */ = {isa = PBXBuildFile; fileRef = 553BD7C5169B0FE900543738 /* Default-568h@2x.png */; };
		553BD7C9169B0FE900543738 /* MainStoryboard.storyboard in Resources */ = {isa = PBXBuildFile; fileRef = 553BD7C7169B0FE900543738 /* MainStoryboard.storyboard */; };
		553BD7CC169B0FE900543738 /* ViewController.m in Sources */ = {isa = PBXBuildFile; fileRef = 553BD7CB169B0FE900543738 /* ViewController.m */; };
		553BD7DD169B35DF00543738 /* button_bg_off.png in Resources */ = {isa = PBXBuildFile; fileRef = 553BD7DB169B35DF00543738 /* button_bg_off.png */; };
		553BD7DE169B35DF00543738 /* button_bg_on.png in Resources */ = {isa = PBXBuildFile; fileRef = 553BD7DC169B35DF00543738 /* button_bg_on.png */; };
		553BD7E3169B37B200543738 /* button_bg_off@2x.png in Resources */ = {isa = PBXBuildFile; fileRef = 553BD7E0169B37B200543738 /* button_bg_off@2x.png */; };
		553BD7E4169B37B200543738 /* button_bg_on@2x.png in Resources */ = {isa = PBXBuildFile; fileRef = 553BD7E1169B37B200543738 /* button_bg_on@2x.png */; };
		553BD7E7169B460000543738 /* background.png in Resources */ = {isa = PBXBuildFile; fileRef = 553BD7E5169B460000543738 /* background.png */; };
		553BD7E8169B460000543738 /* background@2x.png in Resources */ = {isa = PBXBuildFile; fileRef = 553BD7E6169B460000543738 /* background@2x.png */; };
		553BD80F169CDA4F00543738 /* cball00001.png in Resources */ = {isa = PBXBuildFile; fileRef = 553BD7F7169CDA4F00543738 /* cball00001.png */; };
		553BD810169CDA4F00543738 /* cball00002.png in Resources */ = {isa = PBXBuildFile; fileRef = 553BD7F8169CDA4F00543738 /* cball00002.png */; };
		553BD811169CDA4F00543738 /* cball00003.png in Resources */ = {isa = PBXBuildFile; fileRef = 553BD7F9169CDA4F00543738 /* cball00003.png */; };
		553BD812169CDA4F00543738 /* cball00004.png in Resources */ = {isa = PBXBuildFile; fileRef = 553BD7FA169CDA4F00543738 /* cball00004.png */; };
		553BD813169CDA4F00543738 /* cball00005.png in Resources */ = {isa = PBXBuildFile; fileRef = 553BD7FB169CDA4F00543738 /* cball00005.png */; };
		553BD814169CDA4F00543738 /* cball00006.png in Resources */ = {isa = PBXBuildFile; fileRef = 553BD7FC169CDA4F00543738 /* cball00006.png */; };
		553BD815169CDA4F00543738 /* cball00007.png in Resources */ = {isa = PBXBuildFile; fileRef = 553BD7FD169CDA4F00543738 /* cball00007.png */; };
		553BD816169CDA4F00543738 /* cball00008.png in Resources */ = {isa = PBXBuildFile; fileRef = 553BD7FE169CDA4F00543738 /* cball00008.png */; };
		553BD817169CDA4F00543738 /* cball00009.png in Resources */ = {isa = PBXBuildFile; fileRef = 553BD7FF169CDA4F00543738 /* cball00009.png */; };
		553BD818169CDA4F00543738 /* cball00010.png in Resources */ = {isa = PBXBuildFile; fileRef = 553BD800169CDA4F00543738 /* cball00010.png */; };
		553BD819169CDA4F00543738 /* cball00011.png in Resources */ = {isa = PBXBuildFile; fileRef = 553BD801169CDA4F00543738 /* cball00011.png */; };
		553BD81A169CDA4F00543738 /* cball00012.png in Resources */ = {isa = PBXBuildFile; fileRef = 553BD802169CDA4F00543738 /* cball00012.png */; };
		553BD81B169CDA4F00543738 /* cball00013.png in Resources */ = {isa = PBXBuildFile; fileRef = 553BD803169CDA4F00543738 /* cball00013.png */; };
		553BD81C169CDA4F00543738 /* cball00014.png in Resources */ = {isa = PBXBuildFile; fileRef = 553BD804169CDA4F00543738 /* cball00014.png */; };
		553BD81D169CDA4F00543738 /* cball00015.png in Resources */ = {isa = PBXBuildFile; fileRef = 553BD805169CDA4F00543738 /* cball00015.png */; };
		553BD81E169CDA4F00543738 /* cball00016.png in Resources */ = {isa = PBXBuildFile; fileRef = 553BD806169CDA4F00543738 /* cball00016.png */; };
		553BD81F169CDA4F00543738 /* cball00017.png in Resources */ = {isa = PBXBuildFile; fileRef = 553BD807169CDA4F00543738 /* cball00017.png */; };
		553BD820169CDA4F00543738 /* cball00018.png in Resources */ = {isa = PBXBuildFile; fileRef = 553BD808169CDA4F00543738 /* cball00018.png */; };
		553BD821169CDA4F00543738 /* cball00019.png in Resources */ = {isa = PBXBuildFile; fileRef = 553BD809169CDA4F00543738 /* cball00019.png */; };
		553BD822169CDA4F00543738 /* cball00020.png in Resources */ = {isa = PBXBuildFile; fileRef = 553BD80A169CDA4F00543738 /* cball00020.png */; };
		553BD823169CDA4F00543738 /* cball00021.png in Resources */ = {isa = PBXBuildFile; fileRef = 553BD80B169CDA4F00543738 /* cball00021.png */; };
		553BD824169CDA4F00543738 /* cball00022.png in Resources */ = {isa = PBXBuildFile; fileRef = 553BD80C169CDA4F00543738 /* cball00022.png */; };
		553BD825169CDA4F00543738 /* cball00023.png in Resources */ = {isa = PBXBuildFile; fileRef = 553BD80D169CDA4F00543738 /* cball00023.png */; };
		553BD826169CDA4F00543738 /* cball00024.png in Resources */ = {isa = PBXBuildFile; fileRef = 553BD80E169CDA4F00543738 /* cball00024.png */; };
/* End PBXBuildFile section */

/* Begin PBXFileReference section */
		553BD7AB169B0FE900543738 /* CrystalBall.app */ = {isa = PBXFileReference; explicitFileType = wrapper.application; includeInIndex = 0; path = CrystalBall.app; sourceTree = BUILT_PRODUCTS_DIR; };
		553BD7AF169B0FE900543738 /* UIKit.framework */ = {isa = PBXFileReference; lastKnownFileType = wrapper.framework; name = UIKit.framework; path = System/Library/Frameworks/UIKit.framework; sourceTree = SDKROOT; };
		553BD7B1169B0FE900543738 /* Foundation.framework */ = {isa = PBXFileReference; lastKnownFileType = wrapper.framework; name = Foundation.framework; path = System/Library/Frameworks/Foundation.framework; sourceTree = SDKROOT; };
		553BD7B3169B0FE900543738 /* CoreGraphics.framework */ = {isa = PBXFileReference; lastKnownFileType = wrapper.framework; name = CoreGraphics.framework; path = System/Library/Frameworks/CoreGraphics.framework; sourceTree = SDKROOT; };
		553BD7B7169B0FE900543738 /* CrystalBall-Info.plist */ = {isa = PBXFileReference; lastKnownFileType = text.plist.xml; path = "CrystalBall-Info.plist"; sourceTree = "<group>"; };
		553BD7B9169B0FE900543738 /* en */ = {isa = PBXFileReference; lastKnownFileType = text.plist.strings; name = en; path = en.lproj/InfoPlist.strings; sourceTree = "<group>"; };
		553BD7BB169B0FE900543738 /* main.m */ = {isa = PBXFileReference; lastKnownFileType = sourcecode.c.objc; path = main.m; sourceTree = "<group>"; };
		553BD7BD169B0FE900543738 /* CrystalBall-Prefix.pch */ = {isa = PBXFileReference; lastKnownFileType = sourcecode.c.h; path = "CrystalBall-Prefix.pch"; sourceTree = "<group>"; };
		553BD7BE169B0FE900543738 /* AppDelegate.h */ = {isa = PBXFileReference; lastKnownFileType = sourcecode.c.h; path = AppDelegate.h; sourceTree = "<group>"; };
		553BD7BF169B0FE900543738 /* AppDelegate.m */ = {isa = PBXFileReference; lastKnownFileType = sourcecode.c.objc; path = AppDelegate.m; sourceTree = "<group>"; };
		553BD7C1169B0FE900543738 /* Default.png */ = {isa = PBXFileReference; lastKnownFileType = image.png; path = Default.png; sourceTree = "<group>"; };
		553BD7C3169B0FE900543738 /* Default@2x.png */ = {isa = PBXFileReference; lastKnownFileType = image.png; path = "Default@2x.png"; sourceTree = "<group>"; };
		553BD7C5169B0FE900543738 /* Default-568h@2x.png */ = {isa = PBXFileReference; lastKnownFileType = image.png; path = "Default-568h@2x.png"; sourceTree = "<group>"; };
		553BD7C8169B0FE900543738 /* en */ = {isa = PBXFileReference; lastKnownFileType = file.storyboard; name = en; path = en.lproj/MainStoryboard.storyboard; sourceTree = "<group>"; };
		553BD7CA169B0FE900543738 /* ViewController.h */ = {isa = PBXFileReference; lastKnownFileType = sourcecode.c.h; path = ViewController.h; sourceTree = "<group>"; };
		553BD7CB169B0FE900543738 /* ViewController.m */ = {isa = PBXFileReference; lastKnownFileType = sourcecode.c.objc; path = ViewController.m; sourceTree = "<group>"; };
		553BD7DB169B35DF00543738 /* button_bg_off.png */ = {isa = PBXFileReference; lastKnownFileType = image.png; path = button_bg_off.png; sourceTree = "<group>"; };
		553BD7DC169B35DF00543738 /* button_bg_on.png */ = {isa = PBXFileReference; lastKnownFileType = image.png; path = button_bg_on.png; sourceTree = "<group>"; };
		553BD7E0169B37B200543738 /* button_bg_off@2x.png */ = {isa = PBXFileReference; lastKnownFileType = image.png; path = "button_bg_off@2x.png"; sourceTree = "<group>"; };
		553BD7E1169B37B200543738 /* button_bg_on@2x.png */ = {isa = PBXFileReference; lastKnownFileType = image.png; path = "button_bg_on@2x.png"; sourceTree = "<group>"; };
		553BD7E5169B460000543738 /* background.png */ = {isa = PBXFileReference; lastKnownFileType = image.png; path = background.png; sourceTree = "<group>"; };
		553BD7E6169B460000543738 /* background@2x.png */ = {isa = PBXFileReference; lastKnownFileType = image.png; path = "background@2x.png"; sourceTree = "<group>"; };
		553BD7F7169CDA4F00543738 /* cball00001.png */ = {isa = PBXFileReference; lastKnownFileType = image.png; path = cball00001.png; sourceTree = "<group>"; };
		553BD7F8169CDA4F00543738 /* cball00002.png */ = {isa = PBXFileReference; lastKnownFileType = image.png; path = cball00002.png; sourceTree = "<group>"; };
		553BD7F9169CDA4F00543738 /* cball00003.png */ = {isa = PBXFileReference; lastKnownFileType = image.png; path = cball00003.png; sourceTree = "<group>"; };
		553BD7FA169CDA4F00543738 /* cball00004.png */ = {isa = PBXFileReference; lastKnownFileType = image.png; path = cball00004.png; sourceTree = "<group>"; };
		553BD7FB169CDA4F00543738 /* cball00005.png */ = {isa = PBXFileReference; lastKnownFileType = image.png; path = cball00005.png; sourceTree = "<group>"; };
		553BD7FC169CDA4F00543738 /* cball00006.png */ = {isa = PBXFileReference; lastKnownFileType = image.png; path = cball00006.png; sourceTree = "<group>"; };
		553BD7FD169CDA4F00543738 /* cball00007.png */ = {isa = PBXFileReference; lastKnownFileType = image.png; path = cball00007.png; sourceTree = "<group>"; };
		553BD7FE169CDA4F00543738 /* cball00008.png */ = {isa = PBXFileReference; lastKnownFileType = image.png; path = cball00008.png; sourceTree = "<group>"; };
		553BD7FF169CDA4F00543738 /* cball00009.png */ = {isa = PBXFileReference; lastKnownFileType = image.png; path = cball00009.png; sourceTree = "<group>"; };
		553BD800169CDA4F00543738 /* cball00010.png */ = {isa = PBXFileReference; lastKnownFileType = image.png; path = cball00010.png; sourceTree = "<group>"; };
		553BD801169CDA4F00543738 /* cball00011.png */ = {isa = PBXFileReference; lastKnownFileType = image.png; path = cball00011.png; sourceTree = "<group>"; };
		553BD802169CDA4F00543738 /* cball00012.png */ = {isa = PBXFileReference; lastKnownFileType = image.png; path = cball00012.png; sourceTree = "<group>"; };
		553BD803169CDA4F00543738 /* cball00013.png */ = {isa = PBXFileReference; lastKnownFileType = image.png; path = cball00013.png; sourceTree = "<group>"; };
		553BD804169CDA4F00543738 /* cball00014.png */ = {isa = PBXFileReference; lastKnownFileType = image.png; path = cball00014.png; sourceTree = "<group>"; };
		553BD805169CDA4F00543738 /* cball00015.png */ = {isa = PBXFileReference; lastKnownFileType = image.png; path = cball00015.png; sourceTree = "<group>"; };
		553BD806169CDA4F00543738 /* cball00016.png */ = {isa = PBXFileReference; lastKnownFileType = image.png; path = cball00016.png; sourceTree = "<group>"; };
		553BD807169CDA4F00543738 /* cball00017.png */ = {isa = PBXFileReference; lastKnownFileType = image.png; path = cball00017.png; sourceTree = "<group>"; };
		553BD808169CDA4F00543738 /* cball00018.png */ = {isa = PBXFileReference; lastKnownFileType = image.png; path = cball00018.png; sourceTree = "<group>"; };
		553BD809169CDA4F00543738 /* cball00019.png */ = {isa = PBXFileReference; lastKnownFileType = image.png; path = cball00019.png; sourceTree = "<group>"; };
		553BD80A169CDA4F00543738 /* cball00020.png */ = {isa = PBXFileReference; lastKnownFileType = image.png; path = cball00020.png; sourceTree = "<group>"; };
		553BD80B169CDA4F00543738 /* cball00021.png */ = {isa = PBXFileReference; lastKnownFileType = image.png; path = cball00021.png; sourceTree = "<group>"; };
		553BD80C169CDA4F00543738 /* cball00022.png */ = {isa = PBXFileReference; lastKnownFileType = image.png; path = cball00022.png; sourceTree = "<group>"; };
		553BD80D169CDA4F00543738 /* cball00023.png */ = {isa = PBXFileReference; lastKnownFileType = image.png; path = cball00023.png; sourceTree = "<group>"; };
		553BD80E169CDA4F00543738 /* cball00024.png */ = {isa = PBXFileReference; lastKnownFileType = image.png; path = cball00024.png; sourceTree = "<group>"; };
/* End PBXFileReference section */

/* Begin PBXFrameworksBuildPhase section */
		553BD7A8169B0FE900543738 /* Frameworks */ = {
			isa = PBXFrameworksBuildPhase;
			buildActionMask = 2147483647;
			files = (
				553BD7B0169B0FE900543738 /* UIKit.framework in Frameworks */,
				553BD7B2169B0FE900543738 /* Foundation.framework in Frameworks */,
				553BD7B4169B0FE900543738 /* CoreGraphics.framework in Frameworks */,
			);
			runOnlyForDeploymentPostprocessing = 0;
		};
/* End PBXFrameworksBuildPhase section */

/* Begin PBXGroup section */
		553BD7A0169B0FE900543738 = {
			isa = PBXGroup;
			children = (
				553BD7B5169B0FE900543738 /* CrystalBall */,
				553BD7AE169B0FE900543738 /* Frameworks */,
				553BD7AC169B0FE900543738 /* Products */,
			);
			sourceTree = "<group>";
		};
		553BD7AC169B0FE900543738 /* Products */ = {
			isa = PBXGroup;
			children = (
				553BD7AB169B0FE900543738 /* CrystalBall.app */,
			);
			name = Products;
			sourceTree = "<group>";
		};
		553BD7AE169B0FE900543738 /* Frameworks */ = {
			isa = PBXGroup;
			children = (
				553BD7AF169B0FE900543738 /* UIKit.framework */,
				553BD7B1169B0FE900543738 /* Foundation.framework */,
				553BD7B3169B0FE900543738 /* CoreGraphics.framework */,
			);
			name = Frameworks;
			sourceTree = "<group>";
		};
		553BD7B5169B0FE900543738 /* CrystalBall */ = {
			isa = PBXGroup;
			children = (
				553BD7D8169B2E1C00543738 /* Images */,
				553BD7BE169B0FE900543738 /* AppDelegate.h */,
				553BD7BF169B0FE900543738 /* AppDelegate.m */,
				553BD7C7169B0FE900543738 /* MainStoryboard.storyboard */,
				553BD7CA169B0FE900543738 /* ViewController.h */,
				553BD7CB169B0FE900543738 /* ViewController.m */,
				553BD7B6169B0FE900543738 /* Supporting Files */,
			);
			path = CrystalBall;
			sourceTree = "<group>";
		};
		553BD7B6169B0FE900543738 /* Supporting Files */ = {
			isa = PBXGroup;
			children = (
				553BD7B7169B0FE900543738 /* CrystalBall-Info.plist */,
				553BD7B8169B0FE900543738 /* InfoPlist.strings */,
				553BD7BB169B0FE900543738 /* main.m */,
				553BD7BD169B0FE900543738 /* CrystalBall-Prefix.pch */,
				553BD7C1169B0FE900543738 /* Default.png */,
				553BD7C3169B0FE900543738 /* Default@2x.png */,
				553BD7C5169B0FE900543738 /* Default-568h@2x.png */,
			);
			name = "Supporting Files";
			sourceTree = "<group>";
		};
		553BD7D8169B2E1C00543738 /* Images */ = {
			isa = PBXGroup;
			children = (
				553BD7F5169CDA1700543738 /* Animation */,
				553BD7E5169B460000543738 /* background.png */,
				553BD7E6169B460000543738 /* background@2x.png */,
				553BD7E0169B37B200543738 /* button_bg_off@2x.png */,
				553BD7E1169B37B200543738 /* button_bg_on@2x.png */,
				553BD7DB169B35DF00543738 /* button_bg_off.png */,
				553BD7DC169B35DF00543738 /* button_bg_on.png */,
			);
			name = Images;
			sourceTree = "<group>";
		};
		553BD7F5169CDA1700543738 /* Animation */ = {
			isa = PBXGroup;
			children = (
				553BD7F7169CDA4F00543738 /* cball00001.png */,
				553BD7F8169CDA4F00543738 /* cball00002.png */,
				553BD7F9169CDA4F00543738 /* cball00003.png */,
				553BD7FA169CDA4F00543738 /* cball00004.png */,
				553BD7FB169CDA4F00543738 /* cball00005.png */,
				553BD7FC169CDA4F00543738 /* cball00006.png */,
				553BD7FD169CDA4F00543738 /* cball00007.png */,
				553BD7FE169CDA4F00543738 /* cball00008.png */,
				553BD7FF169CDA4F00543738 /* cball00009.png */,
				553BD800169CDA4F00543738 /* cball00010.png */,
				553BD801169CDA4F00543738 /* cball00011.png */,
				553BD802169CDA4F00543738 /* cball00012.png */,
				553BD803169CDA4F00543738 /* cball00013.png */,
				553BD804169CDA4F00543738 /* cball00014.png */,
				553BD805169CDA4F00543738 /* cball00015.png */,
				553BD806169CDA4F00543738 /* cball00016.png */,
				553BD807169CDA4F00543738 /* cball00017.png */,
				553BD808169CDA4F00543738 /* cball00018.png */,
				553BD809169CDA4F00543738 /* cball00019.png */,
				553BD80A169CDA4F00543738 /* cball00020.png */,
				553BD80B169CDA4F00543738 /* cball00021.png */,
				553BD80C169CDA4F00543738 /* cball00022.png */,
				553BD80D169CDA4F00543738 /* cball00023.png */,
				553BD80E169CDA4F00543738 /* cball00024.png */,
			);
			name = Animation;
			sourceTree = "<group>";
		};
/* End PBXGroup section */

/* Begin PBXNativeTarget section */
		553BD7AA169B0FE900543738 /* CrystalBall */ = {
			isa = PBXNativeTarget;
			buildConfigurationList = 553BD7CF169B0FE900543738 /* Build configuration list for PBXNativeTarget "CrystalBall" */;
			buildPhases = (
				553BD7A7169B0FE900543738 /* Sources */,
				553BD7A8169B0FE900543738 /* Frameworks */,
				553BD7A9169B0FE900543738 /* Resources */,
			);
			buildRules = (
			);
			dependencies = (
			);
			name = CrystalBall;
			productName = CrystalBall;
			productReference = 553BD7AB169B0FE900543738 /* CrystalBall.app */;
			productType = "com.apple.product-type.application";
		};
/* End PBXNativeTarget section */

/* Begin PBXProject section */
		553BD7A2169B0FE900543738 /* Project object */ = {
			isa = PBXProject;
			attributes = {
				LastUpgradeCheck = 0450;
				ORGANIZATIONNAME = "Eric Pan";
			};
			buildConfigurationList = 553BD7A5169B0FE900543738 /* Build configuration list for PBXProject "CrystalBall" */;
			compatibilityVersion = "Xcode 3.2";
			developmentRegion = English;
			hasScannedForEncodings = 0;
			knownRegions = (
				en,
			);
			mainGroup = 553BD7A0169B0FE900543738;
			productRefGroup = 553BD7AC169B0FE900543738 /* Products */;
			projectDirPath = "";
			projectRoot = "";
			targets = (
				553BD7AA169B0FE900543738 /* CrystalBall */,
			);
		};
/* End PBXProject section */

/* Begin PBXResourcesBuildPhase section */
		553BD7A9169B0FE900543738 /* Resources */ = {
			isa = PBXResourcesBuildPhase;
			buildActionMask = 2147483647;
			files = (
				553BD7BA169B0FE900543738 /* InfoPlist.strings in Resources */,
				553BD7C2169B0FE900543738 /* Default.png in Resources */,
				553BD7C4169B0FE900543738 /* Default@2x.png in Resources */,
				553BD7C6169B0FE900543738 /* Default-568h@2x.png in Resources */,
				553BD7C9169B0FE900543738 /* MainStoryboard.storyboard in Resources */,
				553BD7DD169B35DF00543738 /* button_bg_off.png in Resources */,
				553BD7DE169B35DF00543738 /* button_bg_on.png in Resources */,
				553BD7E3169B37B200543738 /* button_bg_off@2x.png in Resources */,
				553BD7E4169B37B200543738 /* button_bg_on@2x.png in Resources */,
				553BD7E7169B460000543738 /* background.png in Resources */,
				553BD7E8169B460000543738 /* background@2x.png in Resources */,
				553BD80F169CDA4F00543738 /* cball00001.png in Resources */,
				553BD810169CDA4F00543738 /* cball00002.png in Resources */,
				553BD811169CDA4F00543738 /* cball00003.png in Resources */,
				553BD812169CDA4F00543738 /* cball00004.png in Resources */,
				553BD813169CDA4F00543738 /* cball00005.png in Resources */,
				553BD814169CDA4F00543738 /* cball00006.png in Resources */,
				553BD815169CDA4F00543738 /* cball00007.png in Resources */,
				553BD816169CDA4F00543738 /* cball00008.png in Resources */,
				553BD817169CDA4F00543738 /* cball00009.png in Resources */,
				553BD818169CDA4F00543738 /* cball00010.png in Resources */,
				553BD819169CDA4F00543738 /* cball00011.png in Resources */,
				553BD81A169CDA4F00543738 /* cball00012.png in Resources */,
				553BD81B169CDA4F00543738 /* cball00013.png in Resources */,
				553BD81C169CDA4F00543738 /* cball00014.png in Resources */,
				553BD81D169CDA4F00543738 /* cball00015.png in Resources */,
				553BD81E169CDA4F00543738 /* cball00016.png in Resources */,
				553BD81F169CDA4F00543738 /* cball00017.png in Resources */,
				553BD820169CDA4F00543738 /* cball00018.png in Resources */,
				553BD821169CDA4F00543738 /* cball00019.png in Resources */,
				553BD822169CDA4F00543738 /* cball00020.png in Resources */,
				553BD823169CDA4F00543738 /* cball00021.png in Resources */,
				553BD824169CDA4F00543738 /* cball00022.png in Resources */,
				553BD825169CDA4F00543738 /* cball00023.png in Resources */,
				553BD826169CDA4F00543738 /* cball00024.png in Resources */,
			);
			runOnlyForDeploymentPostprocessing = 0;
		};
/* End PBXResourcesBuildPhase section */

/* Begin PBXSourcesBuildPhase section */
		553BD7A7169B0FE900543738 /* Sources */ = {
			isa = PBXSourcesBuildPhase;
			buildActionMask = 2147483647;
			files = (
				553BD7BC169B0FE900543738 /* main.m in Sources */,
				553BD7C0169B0FE900543738 /* AppDelegate.m in Sources */,
				553BD7CC169B0FE900543738 /* ViewController.m in Sources */,
			);
			runOnlyForDeploymentPostprocessing = 0;
		};
/* End PBXSourcesBuildPhase section */

/* Begin PBXVariantGroup section */
		553BD7B8169B0FE900543738 /* InfoPlist.strings */ = {
			isa = PBXVariantGroup;
			children = (
				553BD7B9169B0FE900543738 /* en */,
			);
			name = InfoPlist.strings;
			sourceTree = "<group>";
		};
		553BD7C7169B0FE900543738 /* MainStoryboard.storyboard */ = {
			isa = PBXVariantGroup;
			children = (
				553BD7C8169B0FE900543738 /* en */,
			);
			name = MainStoryboard.storyboard;
			sourceTree = "<group>";
		};
/* End PBXVariantGroup section */

/* Begin XCBuildConfiguration section */
		553BD7CD169B0FE900543738 /* Debug */ = {
			isa = XCBuildConfiguration;
			buildSettings = {
				ALWAYS_SEARCH_USER_PATHS = NO;
				CLANG_CXX_LANGUAGE_STANDARD = "gnu++0x";
				CLANG_CXX_LIBRARY = "libc++";
				CLANG_ENABLE_OBJC_ARC = YES;
				CLANG_WARN_EMPTY_BODY = YES;
				CLANG_WARN__DUPLICATE_METHOD_MATCH = YES;
				"CODE_SIGN_IDENTITY[sdk=iphoneos*]" = "iPhone Developer";
				COPY_PHASE_STRIP = NO;
				GCC_C_LANGUAGE_STANDARD = gnu99;
				GCC_DYNAMIC_NO_PIC = NO;
				GCC_OPTIMIZATION_LEVEL = 0;
				GCC_PREPROCESSOR_DEFINITIONS = (
					"DEBUG=1",
					"$(inherited)",
				);
				GCC_SYMBOLS_PRIVATE_EXTERN = NO;
				GCC_WARN_ABOUT_RETURN_TYPE = YES;
				GCC_WARN_UNINITIALIZED_AUTOS = YES;
				GCC_WARN_UNUSED_VARIABLE = YES;
				IPHONEOS_DEPLOYMENT_TARGET = 6.0;
				ONLY_ACTIVE_ARCH = YES;
				SDKROOT = iphoneos;
			};
			name = Debug;
		};
		553BD7CE169B0FE900543738 /* Release */ = {
			isa = XCBuildConfiguration;
			buildSettings = {
				ALWAYS_SEARCH_USER_PATHS = NO;
				CLANG_CXX_LANGUAGE_STANDARD = "gnu++0x";
				CLANG_CXX_LIBRARY = "libc++";
				CLANG_ENABLE_OBJC_ARC = YES;
				CLANG_WARN_EMPTY_BODY = YES;
				CLANG_WARN__DUPLICATE_METHOD_MATCH = YES;
				"CODE_SIGN_IDENTITY[sdk=iphoneos*]" = "iPhone Developer";
				COPY_PHASE_STRIP = YES;
				GCC_C_LANGUAGE_STANDARD = gnu99;
				GCC_WARN_ABOUT_RETURN_TYPE = YES;
				GCC_WARN_UNINITIALIZED_AUTOS = YES;
				GCC_WARN_UNUSED_VARIABLE = YES;
				IPHONEOS_DEPLOYMENT_TARGET = 6.0;
				OTHER_CFLAGS = "-DNS_BLOCK_ASSERTIONS=1";
				SDKROOT = iphoneos;
				VALIDATE_PRODUCT = YES;
			};
			name = Release;
		};
		553BD7D0169B0FE900543738 /* Debug */ = {
			isa = XCBuildConfiguration;
			buildSettings = {
				GCC_PRECOMPILE_PREFIX_HEADER = YES;
				GCC_PREFIX_HEADER = "CrystalBall/CrystalBall-Prefix.pch";
				INFOPLIST_FILE = "CrystalBall/CrystalBall-Info.plist";
				PRODUCT_NAME = "$(TARGET_NAME)";
				WRAPPER_EXTENSION = app;
			};
			name = Debug;
		};
		553BD7D1169B0FE900543738 /* Release */ = {
			isa = XCBuildConfiguration;
			buildSettings = {
				GCC_PRECOMPILE_PREFIX_HEADER = YES;
				GCC_PREFIX_HEADER = "CrystalBall/CrystalBall-Prefix.pch";
				INFOPLIST_FILE = "CrystalBall/CrystalBall-Info.plist";
				PRODUCT_NAME = "$(TARGET_NAME)";
				WRAPPER_EXTENSION = app;
			};
			name = Release;
		};
/* End XCBuildConfiguration section */

/* Begin XCConfigurationList section */
		553BD7A5169B0FE900543738 /* Build configuration list for PBXProject "CrystalBall" */ = {
			isa = XCConfigurationList;
			buildConfigurations = (
				553BD7CD169B0FE900543738 /* Debug */,
				553BD7CE169B0FE900543738 /* Release */,
			);
			defaultConfigurationIsVisible = 0;
			defaultConfigurationName = Release;
		};
		553BD7CF169B0FE900543738 /* Build configuration list for PBXNativeTarget "CrystalBall" */ = {
			isa = XCConfigurationList;
			buildConfigurations = (
				553BD7D0169B0FE900543738 /* Debug */,
				553BD7D1169B0FE900543738 /* Release */,
			);
			defaultConfigurationIsVisible = 0;
			defaultConfigurationName = Release;
		};
/* End XCConfigurationList section */
	};
	rootObject = 553BD7A2169B0FE900543738 /* Project object */;
}
